
Microsoft Visual Studio Solution File, Format Version 12.00
# Visual Studio Version 17
VisualStudioVersion = 17.2.32616.157
MinimumVisualStudioVersion = 10.0.40219.1
Project("{9A19103F-16F7-4668-BE54-9A1E7A4F7556}") = "CartoonDomain.Service", "ShowDomain\CartoonDomain.Service.csproj", "{0F85758A-77A0-41C8-867E-304B69DB8C2B}"
EndProject
Project("{9A19103F-16F7-4668-BE54-9A1E7A4F7556}") = "Cartoonalogue.Api", "GrpcSaga.Api\Cartoonalogue.Api.csproj", "{9C711814-F689-4327-9C47-CA41B049653E}"
EndProject
Project("{9A19103F-16F7-4668-BE54-9A1E7A4F7556}") = "CartoonDomain.Shared", "GrpcSaga.Shared\CartoonDomain.Shared.csproj", "{6DEACC1E-26D8-4E6D-8153-83508B9CCD1B}"
EndProject
Global
	GlobalSection(SolutionConfigurationPlatforms) = preSolution
		Debug|Any CPU = Debug|Any CPU
		Release|Any CPU = Release|Any CPU
	EndGlobalSection
	GlobalSection(ProjectConfigurationPlatforms) = postSolution
		{0F85758A-77A0-41C8-867E-304B69DB8C2B}.Debug|Any CPU.ActiveCfg = Debug|Any CPU
		{0F85758A-77A0-41C8-867E-304B69DB8C2B}.Debug|Any CPU.Build.0 = Debug|Any CPU
		{0F85758A-77A0-41C8-867E-304B69DB8C2B}.Release|Any CPU.ActiveCfg = Release|Any CPU
		{0F85758A-77A0-41C8-867E-304B69DB8C2B}.Release|Any CPU.Build.0 = Release|Any CPU
		{9C711814-F689-4327-9C47-CA41B049653E}.Debug|Any CPU.ActiveCfg = Debug|Any CPU
		{9C711814-F689-4327-9C47-CA41B049653E}.Debug|Any CPU.Build.0 = Debug|Any CPU
		{9C711814-F689-4327-9C47-CA41B049653E}.Release|Any CPU.ActiveCfg = Release|Any CPU
		{9C711814-F689-4327-9C47-CA41B049653E}.Release|Any CPU.Build.0 = Release|Any CPU
		{6DEACC1E-26D8-4E6D-8153-83508B9CCD1B}.Debug|Any CPU.ActiveCfg = Debug|Any CPU
		{6DEACC1E-26D8-4E6D-8153-83508B9CCD1B}.Debug|Any CPU.Build.0 = Debug|Any CPU
		{6DEACC1E-26D8-4E6D-8153-83508B9CCD1B}.Release|Any CPU.ActiveCfg = Release|Any CPU
		{6DEACC1E-26D8-4E6D-8153-83508B9CCD1B}.Release|Any CPU.Build.0 = Release|Any CPU
	EndGlobalSection
	GlobalSection(SolutionProperties) = preSolution
		HideSolutionNode = FALSE
	EndGlobalSection
	GlobalSection(ExtensibilityGlobals) = postSolution
		SolutionGuid = {BA6E549D-47BE-4575-9004-1E17BB4D41F4}
	EndGlobalSection
EndGlobal
