
Microsoft Visual Studio Solution File, Format Version 12.00
# Visual Studio Version 17
VisualStudioVersion = 17.2.32616.157
MinimumVisualStudioVersion = 10.0.40219.1
Project("{9A19103F-16F7-4668-BE54-9A1E7A4F7556}") = "CartoonDomain.Query.Service", "CartoonDomain.Query.Service\CartoonDomain.Query.Service.csproj", "{0F85758A-77A0-41C8-867E-304B69DB8C2B}"
EndProject
Project("{9A19103F-16F7-4668-BE54-9A1E7A4F7556}") = "Cartoonalogue.Api", "GrpcSaga.Api\Cartoonalogue.Api.csproj", "{9C711814-F689-4327-9C47-CA41B049653E}"
EndProject
Project("{9A19103F-16F7-4668-BE54-9A1E7A4F7556}") = "CartoonDomain.Shared.Queries", "GrpcSaga.Shared\CartoonDomain.Shared.Queries.csproj", "{6DEACC1E-26D8-4E6D-8153-83508B9CCD1B}"
EndProject
Project("{9A19103F-16F7-4668-BE54-9A1E7A4F7556}") = "StudioDomain.Query.Service", "StudioDomain.Query.Service\StudioDomain.Query.Service.csproj", "{6B199F9E-91DC-41B1-8D5A-6B9283F86227}"
EndProject
Project("{9A19103F-16F7-4668-BE54-9A1E7A4F7556}") = "StudioDomain.Shared.Queries", "StudioDomain.Shared\StudioDomain.Shared.Queries.csproj", "{1B7A6094-76FF-452A-9EA3-043036F794A4}"
EndProject
Project("{9A19103F-16F7-4668-BE54-9A1E7A4F7556}") = "CartoonDomain.Command.Service", "CartoonDomain.Command.Service\CartoonDomain.Command.Service.csproj", "{C4C190A7-DC1B-41EB-BDB8-9A4629566C1B}"
EndProject
Project("{9A19103F-16F7-4668-BE54-9A1E7A4F7556}") = "CartoonDomain.Common", "CartoonDomain.Common\CartoonDomain.Common.csproj", "{6C876122-B312-4788-ADC1-41EEF3E0D3EF}"
EndProject
Project("{9A19103F-16F7-4668-BE54-9A1E7A4F7556}") = "StudioDomain.Common", "StudioDomain.Common\StudioDomain.Common.csproj", "{B3848432-669F-4C5C-8E4E-6C20072BB19D}"
EndProject
Project("{9A19103F-16F7-4668-BE54-9A1E7A4F7556}") = "StudioDomain.Command.Service", "StudioDomain.Command.Service\StudioDomain.Command.Service.csproj", "{35D20228-5619-41D6-BFB6-DB00633A2AAA}"
EndProject
Project("{2150E333-8FDC-42A3-9474-1A3956D46DE8}") = "Solution Items", "Solution Items", "{B37FFE7E-E6B6-435E-A902-F9F268759F0C}"
	ProjectSection(SolutionItems) = preProject
		.editorconfig = .editorconfig
	EndProjectSection
EndProject
Project("{FAE04EC0-301F-11D3-BF4B-00C04F79EFBC}") = "CartoonDomain.Shared.Commands", "CartoonDomain.Shared.Commands\CartoonDomain.Shared.Commands.csproj", "{2EA83BB5-5DF6-438D-B73E-5A82270208A4}"
EndProject
Project("{FAE04EC0-301F-11D3-BF4B-00C04F79EFBC}") = "StudioDomain.Shared.Commands", "StudioDomain.Shared.Commands\StudioDomain.Shared.Commands.csproj", "{B1C2F556-5E39-48FE-BE85-76D0576BB419}"
EndProject
Global
	GlobalSection(SolutionConfigurationPlatforms) = preSolution
		Debug|Any CPU = Debug|Any CPU
		Release|Any CPU = Release|Any CPU
	EndGlobalSection
	GlobalSection(ProjectConfigurationPlatforms) = postSolution
		{0F85758A-77A0-41C8-867E-304B69DB8C2B}.Debug|Any CPU.ActiveCfg = Debug|Any CPU
		{0F85758A-77A0-41C8-867E-304B69DB8C2B}.Debug|Any CPU.Build.0 = Debug|Any CPU
		{0F85758A-77A0-41C8-867E-304B69DB8C2B}.Release|Any CPU.ActiveCfg = Release|Any CPU
		{0F85758A-77A0-41C8-867E-304B69DB8C2B}.Release|Any CPU.Build.0 = Release|Any CPU
		{9C711814-F689-4327-9C47-CA41B049653E}.Debug|Any CPU.ActiveCfg = Debug|Any CPU
		{9C711814-F689-4327-9C47-CA41B049653E}.Debug|Any CPU.Build.0 = Debug|Any CPU
		{9C711814-F689-4327-9C47-CA41B049653E}.Release|Any CPU.ActiveCfg = Release|Any CPU
		{9C711814-F689-4327-9C47-CA41B049653E}.Release|Any CPU.Build.0 = Release|Any CPU
		{6DEACC1E-26D8-4E6D-8153-83508B9CCD1B}.Debug|Any CPU.ActiveCfg = Debug|Any CPU
		{6DEACC1E-26D8-4E6D-8153-83508B9CCD1B}.Debug|Any CPU.Build.0 = Debug|Any CPU
		{6DEACC1E-26D8-4E6D-8153-83508B9CCD1B}.Release|Any CPU.ActiveCfg = Release|Any CPU
		{6DEACC1E-26D8-4E6D-8153-83508B9CCD1B}.Release|Any CPU.Build.0 = Release|Any CPU
		{6B199F9E-91DC-41B1-8D5A-6B9283F86227}.Debug|Any CPU.ActiveCfg = Debug|Any CPU
		{6B199F9E-91DC-41B1-8D5A-6B9283F86227}.Debug|Any CPU.Build.0 = Debug|Any CPU
		{6B199F9E-91DC-41B1-8D5A-6B9283F86227}.Release|Any CPU.ActiveCfg = Release|Any CPU
		{6B199F9E-91DC-41B1-8D5A-6B9283F86227}.Release|Any CPU.Build.0 = Release|Any CPU
		{1B7A6094-76FF-452A-9EA3-043036F794A4}.Debug|Any CPU.ActiveCfg = Debug|Any CPU
		{1B7A6094-76FF-452A-9EA3-043036F794A4}.Debug|Any CPU.Build.0 = Debug|Any CPU
		{1B7A6094-76FF-452A-9EA3-043036F794A4}.Release|Any CPU.ActiveCfg = Release|Any CPU
		{1B7A6094-76FF-452A-9EA3-043036F794A4}.Release|Any CPU.Build.0 = Release|Any CPU
		{C4C190A7-DC1B-41EB-BDB8-9A4629566C1B}.Debug|Any CPU.ActiveCfg = Debug|Any CPU
		{C4C190A7-DC1B-41EB-BDB8-9A4629566C1B}.Debug|Any CPU.Build.0 = Debug|Any CPU
		{C4C190A7-DC1B-41EB-BDB8-9A4629566C1B}.Release|Any CPU.ActiveCfg = Release|Any CPU
		{C4C190A7-DC1B-41EB-BDB8-9A4629566C1B}.Release|Any CPU.Build.0 = Release|Any CPU
		{6C876122-B312-4788-ADC1-41EEF3E0D3EF}.Debug|Any CPU.ActiveCfg = Debug|Any CPU
		{6C876122-B312-4788-ADC1-41EEF3E0D3EF}.Debug|Any CPU.Build.0 = Debug|Any CPU
		{6C876122-B312-4788-ADC1-41EEF3E0D3EF}.Release|Any CPU.ActiveCfg = Release|Any CPU
		{6C876122-B312-4788-ADC1-41EEF3E0D3EF}.Release|Any CPU.Build.0 = Release|Any CPU
		{B3848432-669F-4C5C-8E4E-6C20072BB19D}.Debug|Any CPU.ActiveCfg = Debug|Any CPU
		{B3848432-669F-4C5C-8E4E-6C20072BB19D}.Debug|Any CPU.Build.0 = Debug|Any CPU
		{B3848432-669F-4C5C-8E4E-6C20072BB19D}.Release|Any CPU.ActiveCfg = Release|Any CPU
		{B3848432-669F-4C5C-8E4E-6C20072BB19D}.Release|Any CPU.Build.0 = Release|Any CPU
		{35D20228-5619-41D6-BFB6-DB00633A2AAA}.Debug|Any CPU.ActiveCfg = Debug|Any CPU
		{35D20228-5619-41D6-BFB6-DB00633A2AAA}.Debug|Any CPU.Build.0 = Debug|Any CPU
		{35D20228-5619-41D6-BFB6-DB00633A2AAA}.Release|Any CPU.ActiveCfg = Release|Any CPU
		{35D20228-5619-41D6-BFB6-DB00633A2AAA}.Release|Any CPU.Build.0 = Release|Any CPU
		{2EA83BB5-5DF6-438D-B73E-5A82270208A4}.Debug|Any CPU.ActiveCfg = Debug|Any CPU
		{2EA83BB5-5DF6-438D-B73E-5A82270208A4}.Debug|Any CPU.Build.0 = Debug|Any CPU
		{2EA83BB5-5DF6-438D-B73E-5A82270208A4}.Release|Any CPU.ActiveCfg = Release|Any CPU
		{2EA83BB5-5DF6-438D-B73E-5A82270208A4}.Release|Any CPU.Build.0 = Release|Any CPU
		{B1C2F556-5E39-48FE-BE85-76D0576BB419}.Debug|Any CPU.ActiveCfg = Debug|Any CPU
		{B1C2F556-5E39-48FE-BE85-76D0576BB419}.Debug|Any CPU.Build.0 = Debug|Any CPU
		{B1C2F556-5E39-48FE-BE85-76D0576BB419}.Release|Any CPU.ActiveCfg = Release|Any CPU
		{B1C2F556-5E39-48FE-BE85-76D0576BB419}.Release|Any CPU.Build.0 = Release|Any CPU
	EndGlobalSection
	GlobalSection(SolutionProperties) = preSolution
		HideSolutionNode = FALSE
	EndGlobalSection
	GlobalSection(ExtensibilityGlobals) = postSolution
		SolutionGuid = {BA6E549D-47BE-4575-9004-1E17BB4D41F4}
	EndGlobalSection
EndGlobal
